
Microsoft Visual Studio Solution File, Format Version 12.00
# Visual Studio Version 17
VisualStudioVersion = 17.0.31903.59
MinimumVisualStudioVersion = 10.0.40219.1
Project("{FAE04EC0-301F-11D3-BF4B-00C04F79EFBC}") = "HogwartsHomework", "HogwartsHomework\HogwartsHomework.csproj", "{FC18E3E6-789D-40E0-808F-7443D6E149E7}"
EndProject
Project("{FAE04EC0-301F-11D3-BF4B-00C04F79EFBC}") = "HogwartsHomework.Tests", "HogwartsHomework.Tests\HogwartsHomework.Tests.csproj", "{CEF89EE8-4D32-45AC-9614-C21E7792B96C}"
EndProject
Global
	GlobalSection(SolutionConfigurationPlatforms) = preSolution
		Debug|Any CPU = Debug|Any CPU
		Debug|x64 = Debug|x64
		Debug|x86 = Debug|x86
		Release|Any CPU = Release|Any CPU
		Release|x64 = Release|x64
		Release|x86 = Release|x86
	EndGlobalSection
	GlobalSection(ProjectConfigurationPlatforms) = postSolution
		{FC18E3E6-789D-40E0-808F-7443D6E149E7}.Debug|Any CPU.ActiveCfg = Debug|Any CPU
		{FC18E3E6-789D-40E0-808F-7443D6E149E7}.Debug|Any CPU.Build.0 = Debug|Any CPU
		{FC18E3E6-789D-40E0-808F-7443D6E149E7}.Debug|x64.ActiveCfg = Debug|Any CPU
		{FC18E3E6-789D-40E0-808F-7443D6E149E7}.Debug|x64.Build.0 = Debug|Any CPU
		{FC18E3E6-789D-40E0-808F-7443D6E149E7}.Debug|x86.ActiveCfg = Debug|Any CPU
		{FC18E3E6-789D-40E0-808F-7443D6E149E7}.Debug|x86.Build.0 = Debug|Any CPU
		{FC18E3E6-789D-40E0-808F-7443D6E149E7}.Release|Any CPU.ActiveCfg = Release|Any CPU
		{FC18E3E6-789D-40E0-808F-7443D6E149E7}.Release|Any CPU.Build.0 = Release|Any CPU
		{FC18E3E6-789D-40E0-808F-7443D6E149E7}.Release|x64.ActiveCfg = Release|Any CPU
		{FC18E3E6-789D-40E0-808F-7443D6E149E7}.Release|x64.Build.0 = Release|Any CPU
		{FC18E3E6-789D-40E0-808F-7443D6E149E7}.Release|x86.ActiveCfg = Release|Any CPU
		{FC18E3E6-789D-40E0-808F-7443D6E149E7}.Release|x86.Build.0 = Release|Any CPU
		{CEF89EE8-4D32-45AC-9614-C21E7792B96C}.Debug|Any CPU.ActiveCfg = Debug|Any CPU
		{CEF89EE8-4D32-45AC-9614-C21E7792B96C}.Debug|Any CPU.Build.0 = Debug|Any CPU
		{CEF89EE8-4D32-45AC-9614-C21E7792B96C}.Debug|x64.ActiveCfg = Debug|Any CPU
		{CEF89EE8-4D32-45AC-9614-C21E7792B96C}.Debug|x64.Build.0 = Debug|Any CPU
		{CEF89EE8-4D32-45AC-9614-C21E7792B96C}.Debug|x86.ActiveCfg = Debug|Any CPU
		{CEF89EE8-4D32-45AC-9614-C21E7792B96C}.Debug|x86.Build.0 = Debug|Any CPU
		{CEF89EE8-4D32-45AC-9614-C21E7792B96C}.Release|Any CPU.ActiveCfg = Release|Any CPU
		{CEF89EE8-4D32-45AC-9614-C21E7792B96C}.Release|Any CPU.Build.0 = Release|Any CPU
		{CEF89EE8-4D32-45AC-9614-C21E7792B96C}.Release|x64.ActiveCfg = Release|Any CPU
		{CEF89EE8-4D32-45AC-9614-C21E7792B96C}.Release|x64.Build.0 = Release|Any CPU
		{CEF89EE8-4D32-45AC-9614-C21E7792B96C}.Release|x86.ActiveCfg = Release|Any CPU
		{CEF89EE8-4D32-45AC-9614-C21E7792B96C}.Release|x86.Build.0 = Release|Any CPU
	EndGlobalSection
	GlobalSection(SolutionProperties) = preSolution
		HideSolutionNode = FALSE
	EndGlobalSection
EndGlobal
